github.com/wbreza/container/v4 v4.0.1 h1:BpCO4Mteef3H7dhf87l+4DTF+SnbD5T31Wz8WNyYuDQ=
github.com/wbreza/container/v4 v4.0.1/go.mod h1:UmlgHkczd55CJpqdxcez4Ds0SwnMI/A8MtFWCDnF7zg=
github.com/wbreza/container/v4 v4.0.2 h1:+1y9G52fhTzJ0oIgRfo8dDb5QWealFWqzgI1dTNsBBo=
github.com/wbreza/container/v4 v4.0.2/go.mod h1:UmlgHkczd55CJpqdxcez4Ds0SwnMI/A8MtFWCDnF7zg=
